{
    "_meta": {
        "hash": {
            "sha256": "784f21681e334a688b9f2009b9418f3b00d92600d342715a993ee2a148c45e66"
        },
        "pipfile-spec": 6,
        "requires": {
            "python_version": "3.6"
        },
        "sources": [
            {
                "name": "pypi",
                "url": "https://pypi.org/simple",
                "verify_ssl": true
            }
        ]
    },
    "default": {
        "asn1crypto": {
            "hashes": [
                "sha256:2f1adbb7546ed199e3c90ef23ec95c5cf3585bac7d11fb7eb562a3fe89c64e87",
                "sha256:9d5c20441baf0cb60a4ac34cc447c6c189024b6b4c6cd7877034f4965c464e49"
            ],
            "version": "==0.24.0"
        },
        "attrs": {
            "hashes": [
                "sha256:10cbf6e27dbce8c30807caf056c8eb50917e0eaafe86347671b57254006c3e69",
                "sha256:ca4be454458f9dec299268d472aaa5a11f67a4ff70093396e1ceae9c76cf4bbb"
            ],
            "version": "==18.2.0"
        },
        "automat": {
            "hashes": [
                "sha256:cbd78b83fa2d81fe2a4d23d258e1661dd7493c9a50ee2f1a5b2cac61c1793b0e",
                "sha256:fdccab66b68498af9ecfa1fa43693abe546014dd25cf28543cbe9d1334916a58"
            ],
            "version": "==0.7.0"
        },
        "beautifulsoup4": {
            "hashes": [
                "sha256:034740f6cb549b4e932ae1ab975581e6103ac8f942200a0e9759065984391858",
                "sha256:945065979fb8529dd2f37dbb58f00b661bdbcbebf954f93b32fdf5263ef35348",
                "sha256:ba6d5c59906a85ac23dadfe5c88deaf3e179ef565f4898671253e50a78680718"
            ],
            "index": "pypi",
            "version": "==4.7.1"
        },
        "certifi": {
            "hashes": [
                "sha256:47f9c83ef4c0c621eaef743f133f09fa8a74a9b75f037e8624f83bd1b6626cb7",
                "sha256:993f830721089fef441cdfeb4b2c8c9df86f0c63239f06bd025a76a7daddb033"
            ],
            "version": "==2018.11.29"
        },
        "cffi": {
            "hashes": [
                "sha256:151b7eefd035c56b2b2e1eb9963c90c6302dc15fbd8c1c0a83a163ff2c7d7743",
                "sha256:1553d1e99f035ace1c0544050622b7bc963374a00c467edafac50ad7bd276aef",
                "sha256:1b0493c091a1898f1136e3f4f991a784437fac3673780ff9de3bcf46c80b6b50",
                "sha256:2ba8a45822b7aee805ab49abfe7eec16b90587f7f26df20c71dd89e45a97076f",
                "sha256:3bb6bd7266598f318063e584378b8e27c67de998a43362e8fce664c54ee52d30",
                "sha256:3c85641778460581c42924384f5e68076d724ceac0f267d66c757f7535069c93",
                "sha256:3eb6434197633b7748cea30bf0ba9f66727cdce45117a712b29a443943733257",
                "sha256:495c5c2d43bf6cebe0178eb3e88f9c4aa48d8934aa6e3cddb865c058da76756b",
                "sha256:4c91af6e967c2015729d3e69c2e51d92f9898c330d6a851bf8f121236f3defd3",
                "sha256:57b2533356cb2d8fac1555815929f7f5f14d68ac77b085d2326b571310f34f6e",
                "sha256:770f3782b31f50b68627e22f91cb182c48c47c02eb405fd689472aa7b7aa16dc",
                "sha256:79f9b6f7c46ae1f8ded75f68cf8ad50e5729ed4d590c74840471fc2823457d04",
                "sha256:7a33145e04d44ce95bcd71e522b478d282ad0eafaf34fe1ec5bbd73e662f22b6",
                "sha256:857959354ae3a6fa3da6651b966d13b0a8bed6bbc87a0de7b38a549db1d2a359",
                "sha256:87f37fe5130574ff76c17cab61e7d2538a16f843bb7bca8ebbc4b12de3078596",
                "sha256:95d5251e4b5ca00061f9d9f3d6fe537247e145a8524ae9fd30a2f8fbce993b5b",
                "sha256:9d1d3e63a4afdc29bd76ce6aa9d58c771cd1599fbba8cf5057e7860b203710dd",
                "sha256:a36c5c154f9d42ec176e6e620cb0dd275744aa1d804786a71ac37dc3661a5e95",
                "sha256:a6a5cb8809091ec9ac03edde9304b3ad82ad4466333432b16d78ef40e0cce0d5",
                "sha256:ae5e35a2c189d397b91034642cb0eab0e346f776ec2eb44a49a459e6615d6e2e",
                "sha256:b0f7d4a3df8f06cf49f9f121bead236e328074de6449866515cea4907bbc63d6",
                "sha256:b75110fb114fa366b29a027d0c9be3709579602ae111ff61674d28c93606acca",
                "sha256:ba5e697569f84b13640c9e193170e89c13c6244c24400fc57e88724ef610cd31",
                "sha256:be2a9b390f77fd7676d80bc3cdc4f8edb940d8c198ed2d8c0be1319018c778e1",
                "sha256:ca1bd81f40adc59011f58159e4aa6445fc585a32bb8ac9badf7a2c1aa23822f2",
                "sha256:d5d8555d9bfc3f02385c1c37e9f998e2011f0db4f90e250e5bc0c0a85a813085",
                "sha256:e55e22ac0a30023426564b1059b035973ec82186ddddbac867078435801c7801",
                "sha256:e90f17980e6ab0f3c2f3730e56d1fe9bcba1891eeea58966e89d352492cc74f4",
                "sha256:ecbb7b01409e9b782df5ded849c178a0aa7c906cf8c5a67368047daab282b184",
                "sha256:ed01918d545a38998bfa5902c7c00e0fee90e957ce036a4000a88e3fe2264917",
                "sha256:edabd457cd23a02965166026fd9bfd196f4324fe6032e866d0f3bd0301cd486f",
                "sha256:fdf1c1dc5bafc32bc5d08b054f94d659422b05aba244d6be4ddc1c72d9aa70fb"
            ],
            "version": "==1.11.5"
        },
        "chardet": {
            "hashes": [
                "sha256:84ab92ed1c4d4f16916e05906b6b75a6c0fb5db821cc65e70cbd64a3e2a5eaae",
                "sha256:fc323ffcaeaed0e0a02bf4d117757b98aed530d9ed4531e3e15460124c106691"
            ],
            "version": "==3.0.4"
        },
        "constantly": {
            "hashes": [
                "sha256:586372eb92059873e29eba4f9dec8381541b4d3834660707faf8ba59146dfc35",
                "sha256:dd2fa9d6b1a51a83f0d7dd76293d734046aa176e384bf6e33b7e44880eb37c5d"
            ],
            "version": "==15.1.0"
        },
        "cryptography": {
            "hashes": [
                "sha256:05b3ded5e88747d28ee3ef493f2b92cbb947c1e45cf98cfef22e6d38bb67d4af",
                "sha256:06826e7f72d1770e186e9c90e76b4f84d90cdb917b47ff88d8dc59a7b10e2b1e",
                "sha256:08b753df3672b7066e74376f42ce8fc4683e4fd1358d34c80f502e939ee944d2",
                "sha256:2cd29bd1911782baaee890544c653bb03ec7d95ebeb144d714b0f5c33deb55c7",
                "sha256:31e5637e9036d966824edaa91bf0aa39dc6f525a1c599f39fd5c50340264e079",
                "sha256:42fad67d7072216a49e34f923d8cbda9edacbf6633b19a79655e88a1b4857063",
                "sha256:4946b67235b9d2ea7d31307be9d5ad5959d6c4a8f98f900157b47abddf698401",
                "sha256:522fdb2809603ee97a4d0ef2f8d617bc791eb483313ba307cb9c0a773e5e5695",
                "sha256:6f841c7272645dd7c65b07b7108adfa8af0aaea57f27b7f59e01d41f75444c85",
                "sha256:7d335e35306af5b9bc0560ca39f740dfc8def72749645e193dd35be11fb323b3",
                "sha256:8504661ffe324837f5c4607347eeee4cf0fcad689163c6e9c8d3b18cf1f4a4ad",
                "sha256:9260b201ce584d7825d900c88700aa0bd6b40d4ebac7b213857bd2babee9dbca",
                "sha256:9a30384cc402eac099210ab9b8801b2ae21e591831253883decdb4513b77a3cd",
                "sha256:9e29af877c29338f0cab5f049ccc8bd3ead289a557f144376c4fbc7d1b98914f",
                "sha256:ab50da871bc109b2d9389259aac269dd1b7c7413ee02d06fe4e486ed26882159",
                "sha256:b13c80b877e73bcb6f012813c6f4a9334fcf4b0e96681c5a15dac578f2eedfa0",
                "sha256:bfe66b577a7118e05b04141f0f1ed0959552d45672aa7ecb3d91e319d846001e",
                "sha256:e091bd424567efa4b9d94287a952597c05d22155a13716bf5f9f746b9dc906d3",
                "sha256:fa2b38c8519c5a3aa6e2b4e1cf1a549b54acda6adb25397ff542068e73d1ed00"
            ],
            "version": "==2.5"
        },
        "cycler": {
            "hashes": [
                "sha256:1d8a5ae1ff6c5cf9b93e8811e581232ad8920aeec647c37316ceac982b08cb2d",
                "sha256:cd7b2d1018258d7247a71425e9f26463dfb444d411c39569972f4ce586b0c9d8"
            ],
            "version": "==0.10.0"
        },
        "html5lib": {
            "hashes": [
                "sha256:20b159aa3badc9d5ee8f5c647e5efd02ed2a66ab8d354930bd9ff139fc1dc0a3",
                "sha256:66cb0dcfdbbc4f9c3ba1a63fdb511ffdbd4f513b2b6d81b80cd26ce6b3fb3736"
            ],
            "index": "pypi",
            "version": "==1.0.1"
        },
        "hyperlink": {
            "hashes": [
                "sha256:98da4218a56b448c7ec7d2655cb339af1f7d751cf541469bb4fc28c4a4245b34",
                "sha256:f01b4ff744f14bc5d0a22a6b9f1525ab7d6312cb0ff967f59414bbac52f0a306"
            ],
            "version": "==18.0.0"
        },
        "idna": {
            "hashes": [
                "sha256:c357b3f628cf53ae2c4c05627ecc484553142ca23264e593d327bcde5e9c3407",
                "sha256:ea8b7f6188e6fa117537c3df7da9fc686d485087abf6ac197f9c46432f7e4a3c"
            ],
            "version": "==2.8"
        },
        "incremental": {
            "hashes": [
                "sha256:717e12246dddf231a349175f48d74d93e2897244939173b01974ab6661406b9f",
                "sha256:7b751696aaf36eebfab537e458929e194460051ccad279c72b755a167eebd4b3"
            ],
            "version": "==17.5.0"
        },
        "kiwisolver": {
            "hashes": [
                "sha256:0ee4ed8b3ae8f5f712b0aa9ebd2858b5b232f1b9a96b0943dceb34df2a223bc3",
                "sha256:0f7f532f3c94e99545a29f4c3f05637f4d2713e7fd91b4dd8abfc18340b86cd5",
                "sha256:1a078f5dd7e99317098f0e0d490257fd0349d79363e8c923d5bb76428f318421",
                "sha256:1aa0b55a0eb1bd3fa82e704f44fb8f16e26702af1a073cc5030eea399e617b56",
                "sha256:2874060b91e131ceeff00574b7c2140749c9355817a4ed498e82a4ffa308ecbc",
                "sha256:379d97783ba8d2934d52221c833407f20ca287b36d949b4bba6c75274bcf6363",
                "sha256:3b791ddf2aefc56382aadc26ea5b352e86a2921e4e85c31c1f770f527eb06ce4",
                "sha256:4329008a167fac233e398e8a600d1b91539dc33c5a3eadee84c0d4b04d4494fa",
                "sha256:45813e0873bbb679334a161b28cb9606d9665e70561fd6caa8863e279b5e464b",
                "sha256:53a5b27e6b5717bdc0125338a822605084054c80f382051fb945d2c0e6899a20",
                "sha256:574f24b9805cb1c72d02b9f7749aa0cc0b81aa82571be5201aa1453190390ae5",
                "sha256:66f82819ff47fa67a11540da96966fb9245504b7f496034f534b81cacf333861",
                "sha256:79e5fe3ccd5144ae80777e12973027bd2f4f5e3ae8eb286cabe787bed9780138",
                "sha256:83410258eb886f3456714eea4d4304db3a1fc8624623fc3f38a487ab36c0f653",
                "sha256:8b6a7b596ce1d2a6d93c3562f1178ebd3b7bb445b3b0dd33b09f9255e312a965",
                "sha256:9576cb63897fbfa69df60f994082c3f4b8e6adb49cccb60efb2a80a208e6f996",
                "sha256:95a25d9f3449046ecbe9065be8f8380c03c56081bc5d41fe0fb964aaa30b2195",
                "sha256:a424f048bebc4476620e77f3e4d1f282920cef9bc376ba16d0b8fe97eec87cde",
                "sha256:aaec1cfd94f4f3e9a25e144d5b0ed1eb8a9596ec36d7318a504d813412563a85",
                "sha256:acb673eecbae089ea3be3dcf75bfe45fc8d4dcdc951e27d8691887963cf421c7",
                "sha256:b15bc8d2c2848a4a7c04f76c9b3dc3561e95d4dabc6b4f24bfabe5fd81a0b14f",
                "sha256:b1c240d565e977d80c0083404c01e4d59c5772c977fae2c483f100567f50847b",
                "sha256:c595693de998461bcd49b8d20568c8870b3209b8ea323b2a7b0ea86d85864694",
                "sha256:ce3be5d520b4d2c3e5eeb4cd2ef62b9b9ab8ac6b6fedbaa0e39cdb6f50644278",
                "sha256:e0f910f84b35c36a3513b96d816e6442ae138862257ae18a0019d2fc67b041dc",
                "sha256:ea36e19ac0a483eea239320aef0bd40702404ff8c7e42179a2d9d36c5afcb55c",
                "sha256:efabbcd4f406b532206b8801058c8bab9e79645b9880329253ae3322b7b02cd5",
                "sha256:f923406e6b32c86309261b8195e24e18b6a8801df0cfc7814ac44017bfcb3939"
            ],
            "version": "==1.0.1"
        },
        "lxml": {
            "hashes": [
                "sha256:0dd6589fa75d369ba06d2b5f38dae107f76ea127f212f6a7bee134f6df2d1d21",
                "sha256:1afbac344aa68c29e81ab56c1a9411c3663157b5aee5065b7fa030b398d4f7e0",
                "sha256:1baad9d073692421ad5dbbd81430aba6c7f5fdc347f03537ae046ddf2c9b2297",
                "sha256:1d8736421a2358becd3edf20260e41a06a0bf08a560480d3a5734a6bcbacf591",
                "sha256:1e1d9bddc5afaddf0de76246d3f2152f961697ad7439c559f179002682c45801",
                "sha256:1f179dc8b2643715f020f4d119d5529b02cd794c1c8f305868b73b8674d2a03f",
                "sha256:241fb7bdf97cb1df1edfa8f0bcdfd80525d4023dac4523a241907c8b2f44e541",
                "sha256:2f9765ee5acd3dbdcdc0d0c79309e01f7c16bc8d39b49250bf88de7b46daaf58",
                "sha256:312e1e1b1c3ce0c67e0b8105317323e12807955e8186872affb667dbd67971f6",
                "sha256:3273db1a8055ca70257fd3691c6d2c216544e1a70b673543e15cc077d8e9c730",
                "sha256:34dfaa8c02891f9a246b17a732ca3e99c5e42802416628e740a5d1cb2f50ff49",
                "sha256:3aa3f5288af349a0f3a96448ebf2e57e17332d99f4f30b02093b7948bd9f94cc",
                "sha256:51102e160b9d83c1cc435162d90b8e3c8c93b28d18d87b60c56522d332d26879",
                "sha256:56115fc2e2a4140e8994eb9585119a1ae9223b506826089a3ba753a62bd194a6",
                "sha256:69d83de14dbe8fe51dccfd36f88bf0b40f5debeac763edf9f8325180190eba6e",
                "sha256:99fdce94aeaa3ccbdfcb1e23b34273605c5853aa92ec23d84c84765178662c6c",
                "sha256:a7c0cd5b8a20f3093ee4a67374ccb3b8a126743b15a4d759e2a1bf098faac2b2",
                "sha256:abe12886554634ed95416a46701a917784cb2b4c77bfacac6916681d49bbf83d",
                "sha256:b4f67b5183bd5f9bafaeb76ad119e977ba570d2b0e61202f534ac9b5c33b4485",
                "sha256:bdd7c1658475cc1b867b36d5c4ed4bc316be8d3368abe03d348ba906a1f83b0e",
                "sha256:c6f24149a19f611a415a51b9bc5f17b6c2f698e0d6b41ffb3fa9f24d35d05d73",
                "sha256:d1e111b3ab98613115a208c1017f266478b0ab224a67bc8eac670fa0bad7d488",
                "sha256:d6520aa965773bbab6cb7a791d5895b00d02cf9adc93ac2bf4edb9ac1a6addc5",
                "sha256:dd185cde2ccad7b649593b0cda72021bc8a91667417001dbaf24cd746ecb7c11",
                "sha256:de2e5b0828a9d285f909b5d2e9d43f1cf6cf21fe65bc7660bdaa1780c7b58298",
                "sha256:f726444b8e909c4f41b4fde416e1071cf28fa84634bfb4befdf400933b6463af"
            ],
            "index": "pypi",
            "version": "==4.3.0"
        },
        "lz4": {
            "hashes": [
                "sha256:031fb6aa1e65afa1d6b4f0e8d619f983f779b260bf0b9a889aceefc8cde26ce6",
                "sha256:03e0ac0ef9b8fab9db68f7ab535f345031f477c66526665b4df07a97d5287657",
                "sha256:111382c17aae8f0724729a314ed27d73c254d09afdc71052d3b990b7b6f7f9ec",
                "sha256:1351b35f764d277ba4c6d505f94c25d45cb2ace6ff470523efb3ef5d2db2996a",
                "sha256:2e709d221f349a4affd6d379634e97d1ea11c922ec5f1f04c456fbdcc4ef73ff",
                "sha256:2ec4d07683641cbbf6c31c978a09a5bf92f7a6a721b68f4b812d883818b58503",
                "sha256:3c03f6b52b136a61b3168e875753a60d171a3efbab3601d66402a78dd20de4d2",
                "sha256:3e440348be1e5dbb50c887c3fa6d9ea900604d8e790a198f966b7d7a4c338903",
                "sha256:5054c0aefcd8fca2620d06c17991f5f4656371c42352c105e07bd7d50ff4222f",
                "sha256:5b4c08b95e80001be32cf515ab614a8f34dc0d7adbdb711aadd1fd43f8bccc75",
                "sha256:708808f9f3f0aebdfc23832a48f5d28d65ca5f631742b3204feb31bc24376db2",
                "sha256:721a24c309d754ff9f1bd92dc18256492b2ff2a78701e4984386f112edba39d9",
                "sha256:72eab726d9c8d3ac7431cbd9949586b940115aa3859146327532f1b3da7b7a79",
                "sha256:733baed3d41992904ae384b7a3ac90d39c245ae79fb282dadcc359100300aacb",
                "sha256:7bd1a4af2da06698e1c88004c087cff487ff7832d2a26d31bc6f037cd669d9d7",
                "sha256:7d9641446d6031f8fd3e07723ac524669533b660425681c2a521262f529643e5",
                "sha256:890862c500317cd87c224802dc140dbdce2c0570cf7d778987db16cfd8cafa1e",
                "sha256:8fae62b3b1ce4598de091dab68f79afd402c52597e67ba09ca630c8172dce4c3",
                "sha256:952b6f199a267c38f7d1d15ef45d99e74c3569470c79c50a5363bd041ac542fe",
                "sha256:a07aab2d73b756d8bf50916ebb237bda06dea896ded28092ed8a75d1ee6825ec",
                "sha256:a6f85d25bd824c469b45eb53535eb0ea66e7d379446753b1044fc0183735408a",
                "sha256:b82d2c3d3fb194611138e8073ddcadd890cd0e8682037347ac0b547d42e2d29c",
                "sha256:b9f1ffc80da042cce262664406deca225fecb3a15c79480199c0d10685d59780",
                "sha256:ca7ccf72f1f7bbdfd8ae758e3965408fadcae760eda8122195efd87d9a2652d8",
                "sha256:ec7aedcd81da741861bac78eb735b48cc09ac66c950a9c89a3ecebcfd3c1ae7b",
                "sha256:f5755e2b3f30d046c2222e9a94a19aad9f1a90f1efcffe4de222568d2e93c7fc",
                "sha256:fe213ae1c028f513bfc2b49840cb0e319364b591abb6f4bcd2b4b4926910031f",
                "sha256:fe6e117d86f576452eee658c545ebaa039e1c168412443d1216057c32f4fcf88"
            ],
            "index": "pypi",
            "version": "==2.1.6"
        },
        "matplotlib": {
            "hashes": [
                "sha256:16aa61846efddf91df623bbb4598e63be1068a6b6a2e6361cc802b41c7a286eb",
                "sha256:1975b71a33ac986bb39b6d5cfbc15c7b1f218f1134efb4eb3881839d6ae69984",
                "sha256:2b222744bd54781e6cc0b717fa35a54e5f176ba2ced337f27c5b435b334ef854",
                "sha256:317643c0e88fad55414347216362b2e229c130edd5655fea5f8159a803098468",
                "sha256:4269ce3d1b897d46fc3cc2273a0cc2a730345bb47e4456af662e6fca85c89dd7",
                "sha256:65214fd668975077cdf8d408ccf2b2d6bdf73b4e6895a79f8e99ce4f0b43fcdb",
                "sha256:74bc213ab8a92d86a0b304d9359d1e1d14168d4c6121b83862c9d8a88b89a738",
                "sha256:88949be0db54755995dfb0210d0099a8712a3c696c860441971354c3debfc4af",
                "sha256:8e1223d868be89423ec95ada5f37aa408ee64fe76ccb8e4d5f533699ba4c0e4a",
                "sha256:9fa00f2d7a552a95fa6016e498fdeb6d74df537853dda79a9055c53dfc8b6e1a",
                "sha256:c27fd46cab905097ba4bc28d5ba5289930f313fb1970c9d41092c9975b80e9b4",
                "sha256:c94b792af431f6adb6859eb218137acd9a35f4f7442cea57e4a59c54751c36af",
                "sha256:f4c12a01eb2dc16693887a874ba948b18c92f425c4d329639ece6d3bb8e631bb"
            ],
            "index": "pypi",
            "version": "==3.0.2"
        },
        "nose": {
            "hashes": [
                "sha256:9ff7c6cc443f8c51994b34a667bbcf45afd6d945be7477b52e97516fd17c53ac",
                "sha256:dadcddc0aefbf99eea214e0f1232b94f2fa9bd98fa8353711dacb112bfcbbb2a",
                "sha256:f1bffef9cbc82628f6e7d7b40d7e255aefaa1adb6a1b1d26c69a8b79e6208a98"
            ],
            "index": "pypi",
            "version": "==1.3.7"
        },
        "numpy": {
            "hashes": [
                "sha256:0cdbbaa30ae69281b18dd995d3079c4e552ad6d5426977f66b9a2a95f11f552a",
                "sha256:2b0cca1049bd39d1879fa4d598624cafe82d35529c72de1b3d528d68031cdd95",
                "sha256:31d3fe5b673e99d33d70cfee2ea8fe8dccd60f265c3ed990873a88647e3dd288",
                "sha256:34dd4922aab246c39bf5df03ca653d6265e65971deca6784c956bf356bca6197",
                "sha256:384e2dfa03da7c8d54f8f934f61b6a5e4e1ebb56a65b287567629d6c14578003",
                "sha256:392e2ea22b41a22c0289a88053204b616181288162ba78e6823e1760309d5277",
                "sha256:4341a39fc085f31a583be505eabf00e17c619b469fef78dc7e8241385bfddaa4",
                "sha256:45080f065dcaa573ebecbfe13cdd86e8c0a68c4e999aa06bd365374ea7137706",
                "sha256:485cb1eb4c9962f4cd042fed9424482ec1d83fee5dc2ef3f2552ac47852cb259",
                "sha256:575cefd28d3e0da85b0864506ae26b06483ee4a906e308be5a7ad11083f9d757",
                "sha256:62784b35df7de7ca4d0d81c5b6af5983f48c5cdef32fc3635b445674e56e3266",
                "sha256:69c152f7c11bf3b4fc11bc4cc62eb0334371c0db6844ebace43b7c815b602805",
                "sha256:6ccfdcefd287f252cf1ea7a3f1656070da330c4a5658e43ad223269165cdf977",
                "sha256:7298fbd73c0b3eff1d53dc9b9bdb7add8797bb55eeee38c8ccd7906755ba28af",
                "sha256:79463d918d1bf3aeb9186e3df17ddb0baca443f41371df422f99ee94f4f2bbfe",
                "sha256:8bbee788d82c0ac656536de70e817af09b7694f5326b0ef08e5c1014fcb96bb3",
                "sha256:a863957192855c4c57f60a75a1ac06ce5362ad18506d362dd807e194b4baf3ce",
                "sha256:ae602ba425fb2b074e16d125cdce4f0194903da935b2e7fe284ebecca6d92e76",
                "sha256:b13faa258b20fa66d29011f99fdf498641ca74a0a6d9266bc27d83c70fea4a6a",
                "sha256:c2c39d69266621dd7464e2bb740d6eb5abc64ddc339cc97aa669f3bb4d75c103",
                "sha256:e9c88f173d31909d881a60f08a8494e63f1aff2a4052476b24d4f50e82c47e24",
                "sha256:f1a29267ac29fff0913de0f11f3a9edfcd3f39595f467026c29376fad243ebe3",
                "sha256:f69dde0c5a137d887676a8129373e44366055cf19d1b434e853310c7a1e68f93"
            ],
            "index": "pypi",
            "version": "==1.16.1"
        },
        "opencv-python": {
            "hashes": [
                "sha256:01ed8f83c1bc804995120825c729af9926bcc1dedbe85316ba4b5f81ed5e7287",
                "sha256:4d79b43434bef9ccb9921138d00c7f7d5dc8079cffe5d3765287e5b8275e0386",
                "sha256:51b32439bd85dcc3f520ef9de777f2c694b846d1d4344321e7bf090bffa62dc3",
                "sha256:55b8bd89a176cb0819b65d9df65900a6e4e95919579dedc34e10eaaf46c0f6a2",
                "sha256:5b6afc7f74e28c09f78886f0cffa67efc2b46542e439f0a045020a954c69e829",
                "sha256:6f8ec97c537b408d99d2cfbc9e929054e0bdecadda4c224ec2b21e18fcf48a06",
                "sha256:70012caadf2018575f15330bcf1d7659d0231580de5c146178154e420e9bef66",
                "sha256:7066dbceb01bd721515a583cc64485c594293a574d6b0925aca341c2accae520",
                "sha256:81cc092cade08093eeb48f2cdf8c1a1d5e0cc90d197403a721f6935f71d75e61",
                "sha256:8ecf3e50d7c5de510b71f5af33017a99b8bd476fbb70f464f6cc76a81bd2ff60",
                "sha256:97d2d77e0955404cf61d9a62e85bd8718108b11fc5a69d542bd7a7e2eb30990d",
                "sha256:98f12aff879895de6821289d538322d6b6d297ccfb71343056f3443f6d5c8c16",
                "sha256:9acea43d03440e7a0bd9a9ad599394382a529d49ec6995414797645acfc3e629",
                "sha256:a2e1bd69324e6d58b2c6932ca78c2ecb88dec8b2a3d31536e104623cafbc5b89",
                "sha256:a4feed61a55263a3af6bd17338a1712274c9dc775fe765ed706c706ab4a09ceb",
                "sha256:a72224ba58c7704ce8fc260ca65cfe7444d165362179f97d713234adc7f52b0e",
                "sha256:ae6f1aaa64d3b9a82792669e5be04d2544ce8c2e4a71ecfac09e0a4ed7b60908",
                "sha256:bfd358891a882cb08733e7edd1e76ea008520858de60cec185dce26530c0a36f",
                "sha256:c0d515ceb8231fa6565112d8c2490d2007656b7eb0c52d82b81708ac8412e426",
                "sha256:c86b42f12c602f815062f30c8583da702691a67920f5ea7607f1c796e6f153be",
                "sha256:d3c116b9502c657456fac22b3dad3be8701ef92f7ced2822a13121d167263057",
                "sha256:d477594c956dfbe6688323a9a06d5b3c6d3940c4b15bef7ce4f30d25f7837f1a",
                "sha256:d7626191eac985db4fda1db9cafb6428be614dd9ce3b6f5a83fdb93f1086980b",
                "sha256:db5632dfec289e69bddccbc39faf3cf1f5a840ed4ba3c1288ef3e21f68077722",
                "sha256:e50c73547a3e80d986db19b2cad3507bc7a5b4236f0071952aba80e0409c4806",
                "sha256:edbdded658021747a4235f178b91361d17b82031859db20731a963b8dafcab67",
                "sha256:f4afa2fd9d5c2ac25fc023babf6967f07e9143ce4fe73ebdcdc69a580f99b052"
            ],
            "index": "pypi",
            "version": "==4.0.0.21"
        },
        "pillow": {
            "hashes": [
                "sha256:051de330a06c99d6f84bcf582960487835bcae3fc99365185dc2d4f65a390c0e",
                "sha256:0ae5289948c5e0a16574750021bd8be921c27d4e3527800dc9c2c1d2abc81bf7",
                "sha256:0b1efce03619cdbf8bcc61cfae81fcda59249a469f31c6735ea59badd4a6f58a",
                "sha256:163136e09bd1d6c6c6026b0a662976e86c58b932b964f255ff384ecc8c3cefa3",
                "sha256:18e912a6ccddf28defa196bd2021fe33600cbe5da1aa2f2e2c6df15f720b73d1",
                "sha256:24ec3dea52339a610d34401d2d53d0fb3c7fd08e34b20c95d2ad3973193591f1",
                "sha256:267f8e4c0a1d7e36e97c6a604f5b03ef58e2b81c1becb4fccecddcb37e063cc7",
                "sha256:3273a28734175feebbe4d0a4cde04d4ed20f620b9b506d26f44379d3c72304e1",
                "sha256:4c678e23006798fc8b6f4cef2eaad267d53ff4c1779bd1af8725cc11b72a63f3",
                "sha256:4d4bc2e6bb6861103ea4655d6b6f67af8e5336e7216e20fff3e18ffa95d7a055",
                "sha256:505738076350a337c1740a31646e1de09a164c62c07db3b996abdc0f9d2e50cf",
                "sha256:5233664eadfa342c639b9b9977190d64ad7aca4edc51a966394d7e08e7f38a9f",
                "sha256:5d95cb9f6cced2628f3e4de7e795e98b2659dfcc7176ab4a01a8b48c2c2f488f",
                "sha256:7eda4c737637af74bac4b23aa82ea6fbb19002552be85f0b89bc27e3a762d239",
                "sha256:801ddaa69659b36abf4694fed5aa9f61d1ecf2daaa6c92541bbbbb775d97b9fe",
                "sha256:825aa6d222ce2c2b90d34a0ea31914e141a85edefc07e17342f1d2fdf121c07c",
                "sha256:9c215442ff8249d41ff58700e91ef61d74f47dfd431a50253e1a1ca9436b0697",
                "sha256:a3d90022f2202bbb14da991f26ca7a30b7e4c62bf0f8bf9825603b22d7e87494",
                "sha256:a631fd36a9823638fe700d9225f9698fb59d049c942d322d4c09544dc2115356",
                "sha256:a6523a23a205be0fe664b6b8747a5c86d55da960d9586db039eec9f5c269c0e6",
                "sha256:a756ecf9f4b9b3ed49a680a649af45a8767ad038de39e6c030919c2f443eb000",
                "sha256:b117287a5bdc81f1bac891187275ec7e829e961b8032c9e5ff38b70fd036c78f",
                "sha256:ba04f57d1715ca5ff74bb7f8a818bf929a204b3b3c2c2826d1e1cc3b1c13398c",
                "sha256:cd878195166723f30865e05d87cbaf9421614501a4bd48792c5ed28f90fd36ca",
                "sha256:cee815cc62d136e96cf76771b9d3eb58e0777ec18ea50de5cfcede8a7c429aa8",
                "sha256:d1722b7aa4b40cf93ac3c80d3edd48bf93b9208241d166a14ad8e7a20ee1d4f3",
                "sha256:d7c1c06246b05529f9984435fc4fa5a545ea26606e7f450bdbe00c153f5aeaad",
                "sha256:e9c8066249c040efdda84793a2a669076f92a301ceabe69202446abb4c5c5ef9",
                "sha256:f227d7e574d050ff3996049e086e1f18c7bd2d067ef24131e50a1d3fe5831fbc",
                "sha256:fc9a12aad714af36cf3ad0275a96a733526571e52710319855628f476dcb144e"
            ],
            "index": "pypi",
            "version": "==5.4.1"
        },
        "psutil": {
            "hashes": [
                "sha256:04d2071100aaad59f9bcbb801be2125d53b2e03b1517d9fed90b45eea51d297e",
                "sha256:1aba93430050270750d046a179c5f3d6e1f5f8b96c20399ba38c596b28fc4d37",
                "sha256:3ac48568f5b85fee44cd8002a15a7733deca056a191d313dbf24c11519c0c4a8",
                "sha256:96f3fdb4ef7467854d46ad5a7e28eb4c6dc6d455d751ddf9640cd6d52bdb03d7",
                "sha256:b755be689d6fc8ebc401e1d5ce5bac867e35788f10229e166338484eead51b12",
                "sha256:c8ee08ad1b716911c86f12dc753eb1879006224fd51509f077987bb6493be615",
                "sha256:d0c4230d60376aee0757d934020b14899f6020cd70ef8d2cb4f228b6ffc43e8f",
                "sha256:d23f7025bac9b3e38adc6bd032cdaac648ac0074d18e36950a04af35458342e8",
                "sha256:f0fcb7d3006dd4d9ccf3ccd0595d44c6abbfd433ec31b6ca177300ee3f19e54e"
            ],
            "index": "pypi",
            "version": "==5.5.0"
        },
        "pyasn1": {
            "hashes": [
                "sha256:da2420fe13a9452d8ae97a0e478adde1dee153b11ba832a95b223a2ba01c10f7",
                "sha256:da6b43a8c9ae93bc80e2739efb38cc776ba74a886e3e9318d65fe81a8b8a2c6e"
            ],
            "version": "==0.4.5"
        },
        "pyasn1-modules": {
            "hashes": [
                "sha256:79580acf813e3b7d6e69783884e6e83ac94bf4617b36a135b85c599d8a818a7b",
                "sha256:a52090e8c5841ebbf08ae455146792d9ef3e8445b21055d3a3b7ed9c712b7c7c"
            ],
            "version": "==0.2.4"
        },
        "pycparser": {
            "hashes": [
                "sha256:a988718abfad80b6b157acce7bf130a30876d27603738ac39f140993246b25b3"
            ],
            "version": "==2.19"
        },
        "pycryptodome": {
            "hashes": [
                "sha256:06b779be9736710c109234f28ebef90ff6615c70c335e782d4f6d983c0c66b57",
                "sha256:0cfa2a1d9ec697b8924729e86443d2b8fd8dbad0ca4cd322e9507d8b77fb71a0",
                "sha256:0d6613ccd561eb6ef7029d59a47f58e63d840dcee0ed2eda19dafceaffe1e544",
                "sha256:0f37f03864dc05b70ce11c023dea78f6af4f19adb48651976d512ba4d7210942",
                "sha256:16f38a3d9735054cefaa0a5e272395aab585e7eb585cb1609cbea78e69a8da61",
                "sha256:1a222250e43f3c659b4ebd5df3e11c2f112aab6aef58e38af55ef5678b9f0636",
                "sha256:23df2d665c7f52ddf467d405de355b1ffbd08944442677bb072b33599748e09d",
                "sha256:624de350bc8f346da0f536b1dee6bd19b40c99fb783ba1ed09caceb783904fca",
                "sha256:733729141cf2e0706188f905fec9b27d40dd5a8e5ec232f95b82437e15c9ebf3",
                "sha256:737248b34df3231ba77fad50897a267cc0718a3ecd71b1eb9d92605a2d12d32e",
                "sha256:825af2416abf8be0441c2b632d4a0825ce96033cab36b0ea008a71afc7e6ca17",
                "sha256:8403b5adaabcaf7594331ce99a5eb834d0de5ce8f29d174db3f420b0fc450b77",
                "sha256:861442e3bc8680b47c7c9bfcd34fd9a3683cd179e3e4eaaba13c60af2ce3a8d6",
                "sha256:97e2fa022e2e92afbac4d9bc3c7263f7e6813b01b88398d7eb48dd000cfc81cb",
                "sha256:9f9b9dbabf286e35a6c4a3724fe48fe977acb0005aa6f08318960ac287108c1c",
                "sha256:a94ccb190cf8b1e0352d2b5f8984a44b3da0dfffdce21c4f3a6b8dc84d95e17a",
                "sha256:b9671b3ee8104deabee682f40540d65faf098bccb4d65bdd70eeccd87346856d",
                "sha256:be2403e4b65272516d7b3eeed73de0dbddf9802487c6faf2b202679def520c54",
                "sha256:c02ad68c49d959f724f26a4861deefc4aad25a5e970e40dedeeaf0627140605d",
                "sha256:ca78f78dde52ccd1b4654d8911d9b33015bf3cf54385a664f248a11af7896d44",
                "sha256:ce889584b07174047b554c17df9c48357134c48b517ef7008599e5677919e8d0",
                "sha256:d0d41c7338753e9e12bf685c7b5c0c8d2df070c6af8b7e7dc8fa0ccab20a4c05",
                "sha256:da05447b79754f703e53dae7b381d82234e062b5ca03cb96e64adc887d508dfd",
                "sha256:db53ea88fb38e3e054c2cb7d765b5dc4cea411b19be336e748b9b29f1b696ee5",
                "sha256:e7eb9ffaf5757f76c25761fc6fce2aaecbbaf145c0743bd146d86ba038899bf1",
                "sha256:ee5a6bba5a7517676a6afdf98ae4f65440132ed4a736c7c1fe762b464365a900",
                "sha256:f162644a8618c85cc29a3b998cea76c790220677461c9b6fffcb8fc7b0ae4335",
                "sha256:f6ab3c50b360160c38cb833f8855a42b9aa05ca30366a99bece8f161fa0c622b"
            ],
            "index": "pypi",
            "version": "==3.7.3"
        },
        "pyhamcrest": {
            "hashes": [
                "sha256:6b672c02fdf7470df9674ab82263841ce8333fb143f32f021f6cb26f0e512420",
                "sha256:8ffaa0a53da57e89de14ced7185ac746227a8894dbd5a3c718bf05ddbd1d56cd"
            ],
            "version": "==1.9.0"
        },
        "pylzma": {
            "file": "https://download.lfd.uci.edu/pythonlibs/r5uhg2lo/pylzma-0.5.0-cp36-cp36m-win_amd64.whl",
            "hashes": [
                "sha256:b874172afbf37770e643bf2dc9d9b6b03eb95d8f8162e157145b3fe9e1b68a1c",
				"sha256:f4ec3242115644fca159f83751441e5a97fa32d5dd5e67ddccc32d2c7962dee0"
            ],
            "index": "pypi",
            "version": "==0.5.0"
        },
        "pyopenssl": {
            "hashes": [
                "sha256:aeca66338f6de19d1aa46ed634c3b9ae519a64b458f8468aec688e7e3c20f200",
                "sha256:c727930ad54b10fc157015014b666f2d8b41f70c0d03e83ab67624fd3dd5d1e6"
            ],
            "index": "pypi",
            "version": "==19.0.0"
        },
        "pyparsing": {
            "hashes": [
                "sha256:66c9268862641abcac4a96ba74506e594c884e3f57690a696d21ad8210ed667a",
                "sha256:f6c5ef0d7480ad048c054c37632c67fca55299990fff127850181659eea33fc3"
            ],
            "version": "==2.3.1"
        },
        "pysocks": {
            "hashes": [
                "sha256:3fe52c55890a248676fd69dc9e3c4e811718b777834bcaab7a8125cf9deac672"
            ],
            "index": "pypi",
            "version": "==1.6.8"
        },
        "python-dateutil": {
            "hashes": [
                "sha256:063df5763652e21de43de7d9e00ccf239f953a832941e37be541614732cdfc93",
                "sha256:88f9287c0174266bb0d8cedd395cfba9c58e87e5ad86b2ce58859bc11be3cf02"
            ],
            "version": "==2.7.5"
        },
        "pyyaml": {
            "hashes": [
                "sha256:3d7da3009c0f3e783b2c873687652d83b1bbfd5c88e9813fb7e5b03c0dd3108b",
                "sha256:3ef3092145e9b70e3ddd2c7ad59bdd0252a94dfe3949721633e41344de00a6bf",
                "sha256:40c71b8e076d0550b2e6380bada1f1cd1017b882f7e16f09a65be98e017f211a",
                "sha256:558dd60b890ba8fd982e05941927a3911dc409a63dcb8b634feaa0cda69330d3",
                "sha256:a7c28b45d9f99102fa092bb213aa12e0aaf9a6a1f5e395d36166639c1f96c3a1",
                "sha256:aa7dd4a6a427aed7df6fb7f08a580d68d9b118d90310374716ae90b710280af1",
                "sha256:bc558586e6045763782014934bfaf39d48b8ae85a2713117d16c39864085c613",
                "sha256:d46d7982b62e0729ad0175a9bc7e10a566fc07b224d2c79fafb5e032727eaa04",
                "sha256:d5eef459e30b09f5a098b9cea68bebfeb268697f78d647bd255a085371ac7f3f",
                "sha256:e01d3203230e1786cd91ccfdc8f8454c8069c91bee3962ad93b87a4b2860f537",
                "sha256:e170a9e6fcfd19021dd29845af83bb79236068bf5fd4df3327c1be18182b2531"
            ],
            "index": "pypi",
            "version": "==3.13"
        },
        "requests": {
            "hashes": [
                "sha256:502a824f31acdacb3a35b6690b5fbf0bc41d63a24a45c4004352b0242707598e",
                "sha256:7bf2a778576d825600030a110f3c0e3e8edc51dfaafe1c146e39a2027784957b"
            ],
            "index": "pypi",
            "version": "==2.21.0"
        },
        "send2trash": {
            "hashes": [
                "sha256:60001cc07d707fe247c94f74ca6ac0d3255aabcb930529690897ca2a39db28b2",
                "sha256:f1691922577b6fa12821234aeb57599d887c4900b9ca537948d2dac34aea888b"
            ],
            "index": "pypi",
            "version": "==1.5.0"
        },
        "service-identity": {
            "hashes": [
                "sha256:001c0707759cb3de7e49c078a7c0c9cd12594161d3bf06b9c254fdcb1a60dc36",
                "sha256:0858a54aabc5b459d1aafa8a518ed2081a285087f349fe3e55197989232e2e2d"
            ],
            "index": "pypi",
            "version": "==18.1.0"
        },
        "six": {
            "hashes": [
                "sha256:3350809f0555b11f552448330d0b52d5f24c91a322ea4a15ef22629740f3761c",
                "sha256:d16a0141ec1a18405cd4ce8b4613101da75da0e9a7aec5bdd4fa804d0e0eba73"
            ],
            "index": "pypi",
            "version": "==1.12.0"
        },
        "soupsieve": {
            "hashes": [
                "sha256:466910df7561796a60748826781ebe9a888f7a1668a636ae86783f44d10aae73",
                "sha256:87db12ae79194f0ff9808d2b1641c4f031ae39ffa3cab6b907ea7c1e5e5ed445"
            ],
            "version": "==1.7.3"
        },
        "twisted": {
            "hashes": [
                "sha256:294be2c6bf84ae776df2fc98e7af7d6537e1c5e60a46d33c3ce2a197677da395"
            ],
            "index": "pypi",
            "version": "==18.9.0"
        },
        "urllib3": {
            "hashes": [
                "sha256:61bf29cada3fc2fbefad4fdf059ea4bd1b4a86d2b6d15e1c7c0b582b9752fe39",
                "sha256:de9529817c93f27c8ccbfead6985011db27bd0ddfcdb2d86f3f663385c6a9c22"
            ],
            "version": "==1.24.1"
        },
        "webencodings": {
            "hashes": [
                "sha256:a0af1213f3c2226497a97e2b3aa01a7e4bee4f403f95be16fc9acd2947514a78",
                "sha256:b36a1c245f2d304965eb4e0a82848379241dc04b865afcc4aab16748587e1923"
            ],
            "version": "==0.5.1"
        },
        "wxpython": {
            "hashes": [
                "sha256:0159a544598a910d0b4f900a97e675a28d1ad6bcf4ad45ad626509681e38f29d",
                "sha256:0d9ef4260cb2f3e23ed9dcf6baa905ba585ac7d631613cddc299c4c83463ae29",
                "sha256:13f0de56ff851eb8ecccf5f65e5c7b0c892510b5bae766238e9cf5ae5991e081",
                "sha256:5e1b75c3d6350ef1dba0cab8952815e4149e0f769b1ebd1633aa8678a7a5e07a",
                "sha256:6495f076a470d079be001f97cefd7c188fb5704bc2d12ecac707a44cb89d2eaa",
                "sha256:674486ef1c14bbb8717f7680b93019a991b704b0a793f21cee74f77092d82f75",
                "sha256:6b8bfaebc54e0961e041787988c5c01871f77a184e6eab959c9157202908ffbe",
                "sha256:6f4ed34f4f7b3ede7323d65b80d873e95cedb6323cdb0e51abc328bee94fc29a",
                "sha256:8dc965dd577dddadd6a7805d71905e29495c4b5ca4a01e6f0500d79cbb1844f8",
                "sha256:9e1624ea81a819262dfe4a0cdb773c7dfd882bb4976e4a570a9479c7cf471108",
                "sha256:b7ea63fd01e57d4799f2d3b83155f18b7bea37ef53ce463cd6ede700626cb766",
                "sha256:c49a7f8e753065ce7fbb1291314a2f0087efd95f71c00f1acd733954ad8c3015",
                "sha256:c7a95133e455940ff6ec75b840530d55d6530e1a4e1ee4d9074c4e7d17b7be8f",
                "sha256:d3d88b8797b32c5cf241483d6d030ded0ba9786f48f7108d23a6deeceab9c055",
                "sha256:f262ae6cf6a9ba1303517b48048a44a84300fcdb2d0862568642d4f5a5c64df7",
                "sha256:f7f6ba15c1e1bf12668bd763dea1a81550619868f05b795dba945df3984fc8bc"
            ],
            "index": "pypi",
            "version": "==4.0.4"
        },
        "zope.interface": {
            "hashes": [
                "sha256:086707e0f413ff8800d9c4bc26e174f7ee4c9c8b0302fbad68d083071822316c",
                "sha256:1157b1ec2a1f5bf45668421e3955c60c610e31913cc695b407a574efdbae1f7b",
                "sha256:11ebddf765bff3bbe8dbce10c86884d87f90ed66ee410a7e6c392086e2c63d02",
                "sha256:14b242d53f6f35c2d07aa2c0e13ccb710392bcd203e1b82a1828d216f6f6b11f",
                "sha256:1b3d0dcabc7c90b470e59e38a9acaa361be43b3a6ea644c0063951964717f0e5",
                "sha256:20a12ab46a7e72b89ce0671e7d7a6c3c1ca2c2766ac98112f78c5bddaa6e4375",
                "sha256:298f82c0ab1b182bd1f34f347ea97dde0fffb9ecf850ecf7f8904b8442a07487",
                "sha256:2f6175722da6f23dbfc76c26c241b67b020e1e83ec7fe93c9e5d3dd18667ada2",
                "sha256:3b877de633a0f6d81b600624ff9137312d8b1d0f517064dfc39999352ab659f0",
                "sha256:4265681e77f5ac5bac0905812b828c9fe1ce80c6f3e3f8574acfb5643aeabc5b",
                "sha256:550695c4e7313555549aa1cdb978dc9413d61307531f123558e438871a883d63",
                "sha256:5f4d42baed3a14c290a078e2696c5f565501abde1b2f3f1a1c0a94fbf6fbcc39",
                "sha256:62dd71dbed8cc6a18379700701d959307823b3b2451bdc018594c48956ace745",
                "sha256:7040547e5b882349c0a2cc9b50674b1745db551f330746af434aad4f09fba2cc",
                "sha256:7e099fde2cce8b29434684f82977db4e24f0efa8b0508179fce1602d103296a2",
                "sha256:7e5c9a5012b2b33e87980cee7d1c82412b2ebabcb5862d53413ba1a2cfde23aa",
                "sha256:81295629128f929e73be4ccfdd943a0906e5fe3cdb0d43ff1e5144d16fbb52b1",
                "sha256:95cc574b0b83b85be9917d37cd2fad0ce5a0d21b024e1a5804d044aabea636fc",
                "sha256:968d5c5702da15c5bf8e4a6e4b67a4d92164e334e9c0b6acf080106678230b98",
                "sha256:9e998ba87df77a85c7bed53240a7257afe51a07ee6bc3445a0bf841886da0b97",
                "sha256:a0c39e2535a7e9c195af956610dba5a1073071d2d85e9d2e5d789463f63e52ab",
                "sha256:a15e75d284178afe529a536b0e8b28b7e107ef39626a7809b4ee64ff3abc9127",
                "sha256:a6a6ff82f5f9b9702478035d8f6fb6903885653bff7ec3a1e011edc9b1a7168d",
                "sha256:b639f72b95389620c1f881d94739c614d385406ab1d6926a9ffe1c8abbea23fe",
                "sha256:bad44274b151d46619a7567010f7cde23a908c6faa84b97598fd2f474a0c6891",
                "sha256:bbcef00d09a30948756c5968863316c949d9cedbc7aabac5e8f0ffbdb632e5f1",
                "sha256:d788a3999014ddf416f2dc454efa4a5dbeda657c6aba031cf363741273804c6b",
                "sha256:eed88ae03e1ef3a75a0e96a55a99d7937ed03e53d0cffc2451c208db445a2966",
                "sha256:f99451f3a579e73b5dd58b1b08d1179791d49084371d9a47baad3b22417f0317"
            ],
            "version": "==4.6.0"
        }
    },
    "develop": {}
}
